
Microsoft Visual Studio Solution File, Format Version 12.00
# Visual Studio Version 16
VisualStudioVersion = 16.0.31424.327
MinimumVisualStudioVersion = 10.0.40219.1
Project("{FAE04EC0-301F-11D3-BF4B-00C04F79EFBC}") = "ImageToPptx", "ImageToPptx.csproj", "{612A2971-C3AE-4848-8BFE-25D3614328DC}"
EndProject
Global
	GlobalSection(SolutionConfigurationPlatforms) = preSolution
		Debug|Any CPU = Debug|Any CPU
		Release|Any CPU = Release|Any CPU
	EndGlobalSection
	GlobalSection(ProjectConfigurationPlatforms) = postSolution
		{612A2971-C3AE-4848-8BFE-25D3614328DC}.Debug|Any CPU.ActiveCfg = Debug|Any CPU
		{612A2971-C3AE-4848-8BFE-25D3614328DC}.Debug|Any CPU.Build.0 = Debug|Any CPU
		{612A2971-C3AE-4848-8BFE-25D3614328DC}.Release|Any CPU.ActiveCfg = Release|Any CPU
		{612A2971-C3AE-4848-8BFE-25D3614328DC}.Release|Any CPU.Build.0 = Release|Any CPU
	EndGlobalSection
	GlobalSection(SolutionProperties) = preSolution
		HideSolutionNode = FALSE
	EndGlobalSection
	GlobalSection(ExtensibilityGlobals) = postSolution
		SolutionGuid = {C851BA21-2750-4E7F-AB5E-9A3AED0FD127}
	EndGlobalSection
EndGlobal
